m«ëŒ+Š×ž®º+º$zzb¥ç°¢&æÖR#¢&×’×&ö¦V7B"À¢'fW'6–öâ#¢#ãã"À¢&Æö6¶f–ÆUfW'6–öâ#¢2À¢'&WV—&W2#¢G'VRÀ¢'6¶vW2#¢°¢"#¢°¢&æÖR#¢&×’×&ö¦V7B"À¢'fW'6–öâ#¢#ãã"À¢&FWVæFVæ6–W2#¢°¢$’×6F²÷&V7B#¢%ã2ãã“’"À¢$&6R×V’÷&V7B#¢%ããRã"À¢$7W&6R÷77"#¢%ããã2"À¢$7W&6R÷7W&6RÖ§2#¢%ã"ãrã"À¢$fW&6VÂöæÇ—F–72#¢#ãbã"À¢&’#¢%ãbãã“r"À¢&†–÷2#¢%ããrã"À¢&6Æ72×f&–æ6RÖWF†÷&—G’#¢%ããrã"À¢&6Ç7‚#¢%ã"ãã"À¢&7'—FòÖ§2#¢%ãBã"ã"À¢&‡FÖÃ&6çf2#¢%ããBã"À¢&§7Fb#¢%ãBã"ã"À¢&ÇV6–FR×&V7B#¢%ããbã"À¢&æW‡B#¢#bã2ãR"À¢&÷Væ’#¢%ãbãC"ã"À¢'Fb×'6R#¢%ã"ãBãR"À¢'&V7B#¢%ã’"À¢'&V7BÖFöÒ#¢%ã’"À¢'&V6†'G2#¢%ã2ã‚ã"À¢'&W6VæB#¢%ãbã"ãB"À¢'6†F6â#¢%ãBã‚ã"À¢'7w"#¢%ã"ãBã"À¢'F–Çv–æBÖÖW&vR#¢%ã2ã2ã"À¢'GrÖæ–ÖFRÖ772#¢%ããBã"À¢'†Ç7‚#¢%ãã‚ãR"À¢'¦öB#¢%ãBãBã2 ¢ÒÀ¢&FWdFWVæFVæ6–W2#¢°¢$6Æ÷VFfÆ&R÷v÷&¶W'2×G—W2#¢#Rã##c“#ã"À¢$F–Çv–æF772÷÷7F772#¢%ãBã"ã"À¢$G—W2öæöFR#¢%ã#B"À¢$G—W2÷&V7B#¢%ã’"À¢$G—W2÷&V7BÖFöÒ#¢%ã’"À¢&W6Æ–çB#¢#’ã3’ãR"À¢&W6Æ–çBÖ6öæf–rÖæW‡B#¢#bã2ãR"À¢'÷7F772#¢%ã‚ãR"À¢'F–Çv–æF772#¢%ãBã"ã"À¢'G—W67&—B#¢#Rãrã2"À¢'w&ævÆW"#¢#Bã3Rã ¢Ð¢ÒÀ¢&æöFUöÖöGVÆW2ô’×6F²övFWv’#¢°¢'fW'6–öâ#¢#2ãã“B"À¢'&W6öÇfVB#¢&‡GG3¢ò÷&Vv—7G'’æçÖ§2æ÷&rô’×6F²övFWv’òÒövFWv’Ó2ãã“BçFw¢"À¢&–çFVw&—G’#¢'6†S"Ö“fÃ†c”•C&F×3"õó–÷U#DÇSd¥”´T•'¤æt§t§#7%#†Õ•¦’·sDÄd·Cfd–ÔW¢¶#DT…•Dg£DÇ“U„ÆD¥ÓÒ"À¢&Æ–6Vç6R#¢$6†RÓ"ã"À¢&FWVæFVæ6–W2#¢°¢$’×6F²÷&÷f–FW"#¢#2ããb"À¢$’×6F²÷&÷f–FW"×WF–Ç2#¢#BããS"À¢$fW&6VÂöö–F2#¢#2ã"ã ¢ÒÀ¢&Væv–æW2#¢°¢&æöFR#¢#ãÓ‚ ¢ÒÀ¢'VW$FWVæFVæ6–W2#¢°¢'¦öB#¢%ã2ã#RãsbÇÂãBãã‚ ¢Ð¢ÒÀ¢&æöFUöÖöGVÆW2ô’×6F²÷&÷f–FW"#¢°¢'fW'6–öâ#¢#2ããb"À¢'&W6öÇfVB#¢&‡GG3¢ò÷&Vv—7G'’æçÖ§2æ÷&rô’×6F²÷&÷f–FW"òÒ÷&÷f–FW"Ó2ããbçFw¢"À¢&–çFVw&—G’#¢'6†S"Ó”cf¶sBô”âöF5”ÔT£D#”õ†4T§u5"´vd„T†öÅ&¶–æE‡T†F3767—fteUeEfÓsWF‡G6Öu£—•f#'s4ÓÒ"À¢&Æ–6Vç6R#¢$6†RÓ"ã"À¢&FWVæFVæ6–W2#¢°¢&§6öâ×66†VÖ#¢%ããBã ¢ÒÀ¢&Væv–æW2#¢°¢&æöFR#¢#ãÓ‚ ¢Ð¢ÒÀ¢&æöFUöÖöGVÆW2ô’×6F²÷&÷f–FW"×WF–Ç2#¢°¢'fW'6–öâ#¢#BããS"À¢'&W6öÇfVB#¢&‡GG3¢ò÷&Vv—7G'’æçÖ§2æ÷&rô’×6F²÷&÷f–FW"×WF–Ç2òÒ÷&÷f–FW"×WF–Ç2ÓBããSçFw¢"À¢&–çFVw&—G’#¢'6†S"×V´ÅG3—ƒ†ÓfÇ…4—v$¤—…•†%¤†ÕfT–7¤æçD%§$&4ög¦D&‡U¦äDæä¤Ô†tÓ–E£„¦“Tä¦'·g£vóU‡”'FsÓÒ"À¢&Æ–6Vç6R#¢$6†RÓ"ã"À¢&FWVæFVæ6–W2#¢°¢$’×6F²÷&÷f–FW"#¢#2ããb"À¢$7FæF&B×66†VÖ÷7V2#¢%ããã"À¢&WfVçG6÷W&6R×'6W"#¢%ã2ãã‚"À¢'VæF–6’#¢%ãbã#‚ã ¢ÒÀ¢&Væv–æW2#¢°¢&æöFR#¢#ãÓ‚ãr ¢ÒÀ¢'VW$FWVæFVæ6–W2#¢°¢'¦öB#¢%ã2ã#RãsbÇÂãBãã‚ ¢Ð¢ÒÀ¢&æöFUöÖöGVÆW2ô’×6F²÷&V7B#¢°¢'fW'6–öâ#¢#2ãã#ƒb"À¢'&W6öÇfVB#¢&‡GG3¢ò÷&Vv—7G'’æçÖ§2æ÷&rô’×6F²÷&V7BòÒ÷&V7BÓ2ãã#ƒbçFw¢"À¢&–çFVw&—G’#¢'6†S"Óv—TFõ†guU6ç¥d„G—B´”Ó&Ç†T÷ƒ7‚µu„õƒ†'–t–¢ö6¤w§g”'t5f2õ¦7„6³stÃ—ssôf“GDsg4utU6„ÅÓÒ"À¢&Æ–6Vç6R#¢$6†RÓ"ã"À¢&FWVæFVæ6–W2#¢°¢$’×6F²÷&÷f–FW"×WF–Ç2#¢#BããS"À¢&’#¢#bãã#ƒ2"À¢'7w"#¢%ã"ã"ãR"À¢'F‡&÷GFÆV—B#¢#"ãã ¢ÒÀ¢&Væv–æW2#¢°¢&æöFR#¢#ãÓ‚ ¢ÒÀ¢'VW$FWVæFVæ6–W2#¢°¢'&V7B#¢%ã‚ÇÂã’ããÇÂã’ãã"ÇÂã’ã"ã ¢Ð¢ÒÀ¢&æöFUöÖöGVÆW2ôÆÆö2÷V–6²ÖÇ'R#¢°¢'fW'6–öâ#¢#Rã"ã"À¢'&W6öÇfVB#¢&‡GG3¢ò÷&Vv—7G'’æçÖ§2æ÷&rôÆÆö2÷V–6²ÖÇ'RòÒ÷V–6²ÖÇ'RÓRã"ãçFw¢"À¢&–çFVw&—G’#¢'6†S"ÕW&4$"³F%W$d'v&ÇUD”$W%‡wf'5RõcuE¥vfÖ&t¦f&·v”'W¦•3–w†DôEW—V–V6fDuƒV¦vÄÕsf§U32·£UG4´ÇsÓÒ"À¢&FWb#¢G'VRÀ¢&Æ–6Vç6R#¢$Ô•B"À¢&Væv–æW2#¢°¢&æöFR#¢#ãÓ ¢ÒÀ¢&gVæF–ær#¢°¢'W&Â#¢&‡GG3¢òöv—F‡V"æ6öÒ÷7öç6÷'2÷6–æG&W6÷&‡W2 ¢Ð¢ÒÀ¢&æöFUöÖöGVÆW2ô&&VÂö6öFRÖg&ÖR#¢°¢'fW'6–öâ#¢#rã#’ãr"À¢'&W6öÇfVB#¢&‡GG3¢ò÷&Vv—7G'’æçÖ§2æ÷&rô&&VÂö6öFRÖg&ÖRòÒö6öFRÖg&ÖRÓrã#’ãrçFw¢"À¢&–çFVw&—G’#¢'6†S"ÔWvTög$Vs%$ôô¤ãd—sVc”DÔ&Ç§SÔ–¶ÒöÖÄÅdâõ•tóC‡t6£·†74T„§edfsw6•"·$–çu†C'…·sÓÒ"À¢&Æ–6Vç6R#¢$Ô•B"À¢&FWVæFVæ6–W2#¢°¢$&&VÂö†VÇW"×fÆ–FF÷"Ö–FVçF–f–W"#¢%ãrã#’ãr"À¢&§2×Fö¶Vç2#¢%ãBãã"À¢'–6ö6öÆ÷'2#¢%ããã ¢ÒÀ¢&Væv–æW2#¢°¢&æöFR#¢#ãÓbã’ã ¢Ð¢ÒÀ¢&æöFUöÖöGVÆW2ô&&VÂö6ö×BÖFF#¢°¢'fW'6–öâ#¢#rã#’ãr"À¢'&W6öÇfVB#¢&‡GG3¢ò÷&Vv—7G'’æçÖ§2æ÷&rô&&VÂö6ö×BÖFFòÒö6ö×BÖFFÓrã#’ãrçFw¢"À¢&–çFVw&—G’#¢'6†S"ÖÆö5Fµ”·gt”Vt'¥g&ãƒc“6V&3“tc%S…¤†¦%‡tE„£Tfã%D7çuFÄ¶6´Æ¶D†÷V2ö–4ôdSwCu”¤3V†ä´ædvsÓÒ"À¢&Æ–6Vç6R#¢$Ô•B"À¢&Væv–æW2#¢°¢&æöFR#¢#ãÓbã’ã ¢Ð¢ÒÀ¢&æöFUöÖöGVÆW2ô&&VÂö6÷&R#¢°¢'fW'6–öâ#¢#rã#’ãr"À¢'&W6öÇfVB#¢&‡GG3¢ò÷&Vv—7G'’æçÖ§2æ÷&rô&&VÂö6÷&RòÒö6÷&RÓrã#’ãrçFw¢"À¢&–çFVw&—G’#¢'6†S"Õ&t„$7gF¦$ô³&u…4ä$ä–´æôV3—õdWFS6†£†tWµTÃ4…¤–$¶%tdT“4ÆfÓdU”¶´ÆÄöƒ†U7&£–"¶6ƒ”‚õd$ÓÒ"À¢&Æ–6Vç6R#¢$Ô•B"À¢&FWVæFVæ6–W2#¢°¢$&&VÂö6öFRÖg&ÖR#¢%ãrã#’ãr"À¢$&&VÂövVæW&F÷"#¢%ãrã#’ãr"À¢$&&VÂö†VÇW"Ö6ö×–ÆF–öâ×F&vWG2#¢%ãrã#’ãr"À¢$&&VÂö†VÇW"ÖÖöGVÆR×G&ç6f÷&×2#¢%ãrã#’ãr"À¢$&&VÂö†VÇW'2#¢%ãrã#’ãr"À¢$&&VÂ÷'6W"#¢%ãrã#’ãr"À¢$&&VÂ÷FV×ÆFR#¢%ãrã#’ãr"À¢$&&VÂ÷G&fW'6R#¢%ãrã#’ãr"À¢$&&VÂ÷G—W2#¢%ãrã#’ãr"À¢$§&–FvWvVÆÂ÷&VÖ–ær#¢%ã"ã2ãR"À¢&6öçfW'B×6÷W&6RÖÖ#¢%ã"ãã"À¢&FV'Vr#¢%ãBãã"À¢&vVç7–æ2#¢%ãããÖ&WFã""À¢&§6öãR#¢%ã"ã"ã2"À¢'6V×fW"#¢%ãbã2ã ¢ÒÀ¢&Væv–æW2#¢°¢&æöFR#¢#ãÓbã’ã ¢ÒÀ¢&gVæF–ær#¢°¢'G—R#¢&÷Væ6öÆÆV7F—fR"À¢'W&Â#¢&‡GG3¢òö÷Væ6öÆÆV7F—fRæ6öÒö&&VÂ ¢Ð¢ÒÀ¢&æöFUöÖöGVÆW2ô&&VÂövVæW&F÷"#¢°¢'fW'6–öâ#¢#rã#’ãr"À¢'&W6öÇfVB#¢&‡GG3¢ò÷&Vv—7G'’æçÖ§2æ÷&rô&&VÂövVæW&F÷"òÒövVæW&F÷"Órã#’ãrçFw¢"À¢&–çFVw&—G’#¢'6†S"ÔFµ„CTô¥–E£'C5U¦DVä„ã”–ÖC4•d&Eƒ5TfR¶öç“”ö§sW§#••d´tE“§B´v6âôfäv´æc‡"µf£Täô¥wEÓÒ"À¢&Æ–6Vç6R#¢$Ô•B"À¢&FWVæFVæ6–W2#¢°¢$&&VÂ÷'6W"#¢%ãrã#’ãr"À¢$&&VÂ÷G—W2#¢%ãrã#’ãr"À¢$§&–FvWvVÆÂövVâÖÖ–ær#¢%ãã2ã""À¢$§&–FvWvVÆÂ÷G&6RÖÖ–ær#¢%ãã2ã#‚"À¢&§6W62#¢%ã2ãã" ¢ÒÀ¢&Væv–æW2#¢°¢&æöFR#¢#ãÓbã’ã ¢Ð¢ÒÀ¢&æöFUöÖöGVÆW2ô&&VÂö†VÇW"Öææ÷FFRÖ2×W&R#¢°¢'fW'6–öâ#¢#rã#’ãr"À¢'&W6öÇfVB#¢&‡GG3¢ò÷&Vv—7G'’æçÖ§2æ÷&rô&&VÂö†VÇW"Öææ÷FFRÖ2×W&RòÒö†VÇW"Öææ÷FFRÖ2×W&RÓrã#’ãrçFw¢"À¢&–çFVw&—G’#¢'6†S"Ôöô³c#3–¤…U5öõ3¶eEd¶ã"÷%eF³6T·DvC%TÔÇFÔõdÆ¤D3¶“6R¶3“G'c&tÖgd¤g¶–Æ§'#Sc‚·FF—sÓÒ"À¢&Æ–6Vç6R#¢$Ô•B"À¢&FWVæFVæ6–W2#¢°¢$&&VÂ÷G—W2#¢%ãrã#’ãr ¢ÒÀ¢&Væv–æW2#¢°¢&æöFR#¢#ãÓbã’ã ¢Ð¢ÒÀ¢&æöFUöÖöGVÆW2ô&&VÂö†VÇW"Ö6ö×–ÆF–öâ×F&vWG2#¢°¢'fW'6–öâ#¢#rã#’ãr"À¢'&W6öÇfVB#¢&‡GG3¢ò÷&Vv—7G'’æçÖ§2æ÷&rô&&VÂö†VÇW"Ö6ö×–ÆF–öâ×F&vWG2òÒö†VÇW"Ö6ö×–ÆF–öâ×F&vWG2Órã#’ãrçFw¢"À¢&–çFVw&—G’#¢'6†S"×vVÓev&£Dæe•fDæ„Åf4U3e¤¢´´$&e6µDÔC5•§†%7&Ó4F“ƒWD¥SVÆ¦Tæ†÷–çB´£‡'V…—W¥'C†ãssÓÒ"À¢&Æ–6Vç6R#¢$Ô•B"À¢&FWVæFVæ6–W2#¢°¢$&&VÂö6ö×BÖFF#¢%ãrã#’ãr"À¢$&&VÂö†VÇW"×fÆ–FF÷"Ö÷F–öâ#¢%ãrã#’ãr"À¢&'&÷w6W'6Æ—7B#¢%ãBã#Bã"À¢&Ç'RÖ66†R#¢%ãRãã"À¢'6V×fW"#¢%ãbã2ã ¢ÒÀ¢&Væv–æW2#¢°¢&æöFR#¢#ãÓbã’ã ¢Ð¢ÒÀ¢&æöFUöÖöGVÆW2ô&&VÂö†VÇW"Ö7&VFRÖ6Æ72ÖfVGW&W2×ÇVv–â#¢°¢'fW'6–öâ#¢#rã#’ãr"À¢'&W6öÇfVB#¢&‡GG3¢ò÷&Vv—7G'’æçÖ§2æ÷&rô&&VÂö†VÇW"Ö7&VFRÖ6Æ72ÖfVGW&W2×ÇVv–âòÒö†VÇW"Ö7&VFRÖ6Æ72ÖfVGW&W2×ÇVv–âÓrã#’ãrçFw¢"À¢&–çFVw&—G’#¢'6†S"Ô•“5¤C•FÖö÷#5EV†34EUw†—Vó‡‡ƒEtÆ†CTÓv…µ¥t¦×Ó$&&Ç$$¦#$Ö—54Æõ–÷$ö£sUS7TÄ7…E“—#6†sÓÒ"À¢&Æ–6Vç6R#¢$Ô•B"À¢&FWVæFVæ6–W2#¢°¢$&&VÂö†VÇW"Öææ÷FFRÖ2×W&R#¢%ãrã#’ãr"À¢$&&VÂö†VÇW"ÖÖVÖ&W"ÖW‡&W76–öâ×FòÖgVæ7F–öç2#¢%ãrã#’ãr"À¢$&&VÂö†VÇW"Ö÷F–Ö—6RÖ6ÆÂÖW‡&W76–öâ#¢%ãrã#’ãr"À¢$&&VÂö†VÇW"×&WÆ6R×7WW'2#¢%ãrã#’ãr"À¢$&&VÂö†VÇW"×6¶—×G&ç7&VçBÖW‡&W76–öâ×w&W'2#¢%ãrã#’ãr"À¢$&&VÂ÷G&fW'6R#¢%ãrã#’ãr"À¢'6V×fW"#¢%ãbã2ã ¢ÒÀ¢&Væv–æW2#¢°¢&æöFR#¢#ãÓbã’ã ¢ÒÀ¢'VW$FWVæFVæ6–W2#¢°¢$&&VÂö6÷&R#¢%ãrãã ¢Ð¢ÒÀ¢&æöFUöÖöGVÆW2ô&&VÂö†VÇW"ÖvÆö&Ç2#¢°¢'fW'6–öâ#¢#rã#’ãr"À¢'&W6öÇfVB#¢&‡GG3¢ò÷&Vv—7G'’æçÖ§2æ÷&rô&&VÂö†VÇW"ÖvÆö&Ç2òÒö†VÇW"ÖvÆö&Ç2Órã#’ãrçFw¢"À¢&–çFVw&—G’#¢'6†S"Ó6åeTGf´´ƒ—¦†evws“d¦2÷TdöÖ¤4Sµ£ƒ$S&ÇvÔ„&v§¦$æÇ43#&çUFf†ÕvUEGVåóDææC$v£G¤ÓÒ"À¢&Æ–6Vç6R#¢$Ô•B"À¢&Væv–æW2#¢°¢&æöFR#¢#ãÓbã’ã ¢Ð¢ÒÀ¢&æöFUöÖöGVÆW2ô&&VÂö†VÇW"ÖÖVÖ&W"ÖW‡&W76–öâ×FòÖgVæ7F–öç2#¢°¢'fW'6–öâ#¢#rã#’ãr"À¢'&W6öÇfVB#¢&‡GG3¢ò÷&Vv—7G'’æçÖ§2æ÷&rô&&VÂö†VÇW"ÖÖVÖ&W"ÖW‡&W76–öâ×FòÖgVæ7F–öç2òÒö†VÇW"ÖÖVÖ&W"ÖW‡&W76–öâ×FòÖgVæ7F–öç2Órã#’ãrçFw¢"À¢&–çFVw&—G’#¢'6†S"Ö¢³t¥–Ö³¥”GD4”v£§u¦¦õWÖôV–µtDÖ†t4Ô54GC"µ3'&f6–%Tç$tôÕw&Ç¤³t¤&G‡$#4¤¥§uwFsÓÒ"À¢&Æ–6Vç6R#¢$Ô•B"À¢&FWVæFVæ6–W2#¢°¢$&&VÂ÷G&fW'6R#¢%ãrã#’ãr"À¢$&&VÂ÷G—W2#¢%ãrã#’ãr ¢ÒÀ¢&Væv–æW2#¢°¢&æöFR#¢#ãÓbã’ã ¢Ð¢ÒÀ¢&æöFUöÖöGVÆW2ô&&VÂö†VÇW"ÖÖöGVÆRÖ–×÷'G2#¢°¢'fW'6–öâ#¢#rã#’ãr"À¢'&W6öÇfVB#¢&‡GG3¢ò÷&Vv—7G'’æçÖ§2æ÷&rô&&VÂö†VÇW"ÖÖöGVÆRÖ–×÷'G2òÒö†VÇW"ÖÖöGVÆRÖ–×÷'G2Órã#’ãrçFw¢"À¢&–çFVw&—G’#¢'6†S"ÖV¤‡w%–6Ó—†åF—e6†ã$”DöÄ—¤–äã3D‡6·g•–7d7DW§g¦6ÇR÷D´c„§6s„¤s$tÃbôVÖ¦w45CvÅ†WS6sÓÒ"À¢&Æ–6Vç6R#¢$Ô•B"À¢&FWVæFVæ6–W2#¢°¢$&&VÂ÷G&fW'6R#¢%ãrã#’ãr"À¢$&&VÂ÷G—W2#¢%ãrã#’ãr ¢ÒÀ¢&Væv–æW2#¢°¢&æöFR#¢#ãÓbã’ã ¢Ð¢ÒÀ¢&æöFUöÖöGVÆW2ô&&VÂö†VÇW"ÖÖöGVÆR×G&ç6f÷&×2#¢°¢'fW'6–öâ#¢#rã#’ãr"À¢'&W6öÇfVB#¢&‡GG3¢ò÷&Vv—7G'’æçÖ§2æ÷&rô&&VÂö†VÇW"ÖÖöGVÆR×G&ç6f÷&×2òÒö†VÇW"ÖÖöGVÆR×G&ç6f÷&×2Órã#’ãrçFw¢"À¢&–çFVw&—G’#¢'6†S"ÕUUe7•†$öƒc#t¶”4”u6wuw¤vT$´Æ¶£•¤VG&æt—tÕ7§„Å#F¥3B¶cc¦#ug¤&&s†ädÆ–÷Geed5GG&ÕDsÓÒ"À¢&Æ–6Vç6R#¢$Ô•B"À¢&FWVæFVæ6–W2#¢°¢$&&VÂö†VÇW"ÖÖöGVÆRÖ–×÷'G2#¢%ãrã#’ãr"À¢$&&VÂö†VÇW"×fÆ–FF÷"Ö–FVçF–f–W"#¢%ãrã#’ãr"À¢$&&VÂ÷G&fW'6R#¢%ãrã#’ãr ¢ÒÀ¢&Væv–æW2#¢°¢&æöFR#¢#ãÓbã’ã ¢ÒÀ¢'VW$FWVæFVæ6–W2#¢°¢$&&VÂö6÷&R#¢%ãrãã ¢Ð¢ÒÀ¢&æöFUöÖöGVÆW2ô&&VÂö†VÇW"Ö÷F–Ö—6RÖ6ÆÂÖW‡&W76–öâ#¢°¢'fW'6–öâ#¢#rã#’ãr"À¢'&W6öÇfVB#¢&‡GG3¢ò÷&Vv—7G'’æçÖ§2æ÷&rô&&VÂö†VÇW"Ö÷F–Ö—6RÖ6ÆÂÖW‡&W76–öâòÒö†VÇW"Ö÷F–Ö—6RÖ6ÆÂÖW‡&W76–öâÓrã#’ãrçFw¢"À¢&–çFVw&—G’#¢'6†S"Ò¶¶Ôuf¦5C•$u—¦ôGvGtWWdvt¶S4%—´ó”w¦¤gV&æu¤‡u”…fÇ4c%–v†cF´WWc”%cwE”E£“6%s–Óe”¶öæsÓÒ"À¢&Æ–6Vç6R#¢$Ô•B"À¢&FWVæFVæ6–W2#¢°¢$&&VÂ÷G—W2#¢%ãrã#’ãr ¢ÒÀ¢&Væv–æW2#¢°¢&æöFR#¢#ãÓbã’ã ¢Ð¢ÒÀ¢&æöFUöÖöGVÆW2ô&&VÂö†VÇW"×ÇVv–â×WF–Ç2#¢°¢'fW'6–öâ#¢#rã#’ãr"À¢'&W6öÇfVB#¢&‡GG3¢ò÷&Vv—7G'’æçÖ§2æ÷&rô&&VÂö†VÇW"×ÇVv–â×WF–Ç2òÒö†VÇW"×ÇVv–â×WF–Ç2Órã#’ãrçFw¢"À¢&–çFVw&—G’#¢'6†S"Ôsw4…––u“vôóU5•vædBóÕD'ue#sƒ2ô¤“cC6Rô¦…U–ufutRóc6õs4äƒ”µuT·”·TÅfƒ6ç–c“•v·Cf£ƒd§sÓÒ"À¢&Æ–6Vç6R#¢$Ô•B"À¢&Væv–æW2#¢°¢&æöFR#¢#ãÓbã’ã ¢Ð¢ÒÀ¢&æöFUöÖöGVÆW2ô&&VÂö†VÇW"×&WÆ6R×7WW'2#¢°¢'fW'6–öâ#¢#rã#’ãr"À¢'&W6öÇfVB#¢&‡GG3¢ò÷&Vv—7G'’æçÖ§2æ÷&rô&&VÂö†VÇW"×&WÆ6R×7WW'2òÒö†VÇW"×&WÆ6R×7WW'2Órã#’ãrçFw¢"À¢&–çFVw&—G’#¢'6†S"ÖFdu…u6T6”cDFäµ¤–fÔ¦e&µ7s–#–täå…#·¶¦&„sGu”4öæ·„ö5D#„S4å†¤'S„ç†U6äöTä·£„µCuTäeFÕÓÒ"À¢&Æ–6Vç6R#¢$Ô•B"À¢&FWVæFVæ6–W2#¢°¢$&&VÂö†VÇW"ÖÖVÖ&W"ÖW‡&W76–öâ×FòÖgVæ7F–öç2#¢%ãrã#’ãr"À¢$&&VÂö†VÇW"Ö÷F–Ö—6RÖ6ÆÂÖW‡&W76–öâ#¢%ãrã#’ãr"À¢$&&VÂ÷G&fW'6R#¢%ãrã#’ãr ¢ÒÀ¢&Væv–æW2#¢°¢&æöFR#¢#ãÓbã’ã ¢ÒÀ¢'VW$FWVæFVæ6–W2#¢°¢$&&VÂö6÷&R#¢%ãrãã ¢Ð¢ÒÀ¢&æöFUöÖöGVÆW2ô&&VÂö†VÇW"×6¶—×G&ç7&VçBÖW‡&W76–öâ×w&W'2#¢°¢'fW'6–öâ#¢#rã#’ãr"À¢'&W6öÇfVB#¢&‡GG3¢ò÷&Vv—7G'’æçÖ§2æ÷&rô&&VÂö†VÇW"×6¶—×G&ç7&VçBÖW‡&W76–öâ×w&W'2òÒö†VÇW"×6¶—×G&ç7&VçBÖW‡&W76–öâ×w&W'2Órã#’ãrçFw¢"À¢&–çFVw&—G’#¢'6†S"Ö'&4Ôug¤–UV"³bö'3cc…—Täæ¤µ“$§—fe$74gTg6D¶64UTvW3'“sDCsDå£'£†Ä´£–·4¦¶gud¢ö”äW•ÓÒ"À¢&Æ–6Vç6R#¢$Ô•B"À¢&FWVæFVæ6–W2#¢°¢$&&VÂ÷G&fW'6R#¢%ãrã#’ãr"À¢$&&VÂ÷G—W2#¢%ãrã#’ãr ¢ÒÀ¢&Væv–æW2#¢°¢&æöFR#¢#ãÓbã’ã ¢Ð¢ÒÀ¢&æöFUöÖöGVÆW2ô&&VÂö†VÇW"×7G&–ær×'6W"#¢°¢'fW'6–öâ#¢#rã#’ãr"À¢'&W6öÇfVB#¢&‡GG3¢ò÷&Vv—7G'’æçÖ§2æ÷&rô&&VÂö†VÇW"×7G&–ær×'6W"òÒö†VÇW"×7G&–ær×'6W"Órã#’ãrçFw¢"À¢&–çFVw&—G’#¢'6†S"Õ#V–¥%£ƒ”tDƒƒ##4ÃEU†“ew‡3E&%¥FUtEcö¶U#$S3dÖT¶ç—#dÅ–ÕUWg%$’´—cƒu7TcsdW$”ç¥—sÓÒ"À¢&Æ–6Vç6R#¢$Ô•B"À¢&Væv–æW2#¢°¢&æöFR#¢#ãÓbã’ã ¢Ð¢ÒÀ¢&æöFUöÖöGVÆW2ô&&VÂö†VÇW"×fÆ–FF÷"Ö–FVçF–f–W"#¢°¢'fW'6–öâ#¢#rã#’ãr"À¢'&W6öÇfVB#¢&‡GG3¢ò÷&Vv—7G'’æçÖ§2æ÷&rô&&VÂö†VÇW"×fÆ–FF÷"Ö–FVçF–f–W"òÒö†VÇW"×fÆ–FF÷"Ö–FVçF–f–W"Órã#’ãrçFw¢"À¢&–çFVw&—G’#¢'6†S"×V‡„vµ&£SV‚öfc„TÖ¢¶5–‡–¶Ä„—‡”Fãcƒ'uCu$ç•WV¤õ4†ös'U3#'g§#Gr·5†c“æVV–¦4æƒ6dfsÓÒ"À¢&Æ–6Vç6R#¢$Ô•B"À¢&Væv–æW2#¢°¢&æöFR#¢#ãÓbã’ã ¢Ð¢ÒÀ¢&æöFUöÖöGVÆW2ô&&VÂö†VÇW"×fÆ–FF÷"Ö÷F–öâ#¢°¢'fW'6–öâ#¢#rã#’ãr"À¢'&W6öÇfVB#¢&‡GG3¢ò÷&Vv—7G'’æçÖ§2æ÷&rô&&VÂö†VÇW"×fÆ–FF÷"Ö÷F–öâòÒö†VÇW"×fÆ–FF÷"Ö÷F–öâÓrã#’ãrçFw¢"À¢&–çFVw&—G’#¢'6†S"Ôã•¤W'$B·•sVvT4GD'äö÷†Õ#‚·Dä¶”wW„¶ÄGT§†g7&Df6W†¦”tR÷ô„Æ”DG&Udä×W„vÕ6ôæÇ—g46wsÓÒ"À¢&Æ–6Vç6R#¢$Ô•B"À¢&Væv–æW2#¢°¢&æöFR#¢#ãÓbã’ã ¢Ð¢ÒÀ¢&æöFUöÖöGVÆW2ô&&VÂö†VÇW'2#¢°¢'fW'6–öâ#¢#rã#’ãr"À¢'&W6öÇfVB#¢&‡GG3¢ò÷&Vv—7G'’æçÖ§2æ÷&rô&&VÂö†VÇW'2òÒö†VÇW'2Órã#’ãrçFw¢"À¢&–çFVw&—G’#¢'6†S"Ó³&Äu$Öd…F7wTå–44åVÖVffÕc„µtÖfƒ&”¥UVU&ÇvÇtƒDfDäsvÖe“ådÄ„¤eF„SEG—#F×cvµDå¤ö•T&sÓÒ"À¢&Æ–6Vç6R#¢$Ô•B"À¢&FWVæFVæ6–W2#¢°¢$&&VÂ÷FV×ÆFR#¢%ãrã#’ãr"À¢$&&VÂ÷G—W2#¢%ãrã#’ãr ¢ÒÀ¢&Væv–æW2#¢°¢&æöFR#¢#ãÓbã’ã ¢Ð¢ÒÀ¢&æöFUöÖöGVÆW2ô&&VÂ÷'6W"#¢°¢'fW'6–öâ#¢#rã#’ãr"À¢'&W6öÇfVB#¢&‡GG3¢ò÷&Vv—7G'’æçÖ§2æ÷&rô&&VÂ÷'6W"òÒ÷'6W"Órã#’ãrçFw¢"À¢&–çFVw&—G’#¢'6†S"Ö†äõ&æ¥ó÷¤dVæFöU‚¶â·C'uu$¦”§Òö¤ótes3$¶ã—#R·4¤#$¥töE–óDÃf³s†£VT7u“4vÒós3cD#T×wDæsÓÒ"À¢&Æ–6Vç6R#¢$Ô•B"À¢&FWVæFVæ6–W2#¢°¢$&&VÂ÷G—W2#¢%ãrã#’ãr ¢ÒÀ¢&&–â#¢°¢''6W"#¢&&–âö&&VÂ×'6W"æ§2 ¢ÒÀ¢&Væv–æW2#¢°¢&æöFR#¢#ãÓbãã ¢Ð¢ÒÀ¢&æöFUöÖöGVÆW2ô&&VÂ÷ÇVv–â×7–çF‚Ö§7‚#¢°¢'fW'6–öâ#¢#rã#’ãr"À¢'&W6öÇfVB#¢&‡GG3¢ò÷&Vv—7G'’æçÖ§2æ÷&rô&&VÂ÷ÇVv–â×7–çF‚Ö§7‚òÒ÷ÇVv–â×7–çF‚Ö§7‚Órã#’ãrçFw¢"À¢&–çFVw&—G’#¢'6†S"ÕE7S‚¶Ô„6ôV4DU£“2³f×eD%•#E7…vc'£’÷#UF'§GcdæÅ#4#—F„uEG…ƒ%twTt„§&”$µTuD£U…u…fsdÓÒ"À¢&Æ–6Vç6R#¢$Ô•B"À¢&FWVæFVæ6–W2#¢°¢$&&VÂö†VÇW"×ÇVv–â×WF–Ç2#¢%ãrã#’ãr ¢ÒÀ¢&Væv–æW2#¢°¢&æöFR#¢#ãÓbã’ã ¢ÒÀ¢'VW$FWVæFVæ6–W2#¢°¢$&&VÂö6÷&R#¢%ãrããÓ ¢Ð¢ÒÀ¢&æöFUöÖöGVÆW2ô&&VÂ÷ÇVv–â×7–çF‚×G—W67&—B#¢°¢'fW'6–öâ#¢#rã#’ãr"À¢'&W6öÇfVB#¢&‡GG3¢ò÷&Vv—7G'’æçÖ§2æ÷&rô&&VÂ÷ÇVv–â×7–çF‚×G—W67&—BòÒ÷ÇVv–â×7–çF‚×G—W67&—BÓrã#’ãrçFw¢"À¢&–çFVw&—G’#¢'6†S"Öæw"³ƒ%6ƒ„×£#UE5¦’¶ä3&•G¦¦d6Eu3$ôå…GõE44„6v4ä'D×wd£&66DÆÄ6Åe£w6—4–t#“F¢ô¤fRµ%¤ÓÒ"À¢&Æ–6Vç6R#¢$Ô•B"À¢&FWVæFVæ6–W2#¢°¢$&&VÂö†VÇW"×ÇVv–â×WF–Ç2#¢%ãrã#’ãr ¢ÒÀ¢&Væv–æW2#¢°¢&æöFR#¢#ãÓbã’ã ¢ÒÀ¢'VW$FWVæFVæ6–W2#¢°¢$&&VÂö6÷&R#¢%ãrããÓ ¢Ð¢ÒÀ¢&æöFUöÖöGVÆW2ô&&VÂ÷ÇVv–â×G&ç6f÷&ÒÖÖöGVÆW2Ö6öÖÖöæ§2#¢°¢'fW'6–öâ#¢#rã#’ãr"À¢'&W6öÇfVB#¢&‡GG3¢ò÷&Vv—7G'’æçÖ§2æ÷&rô&&VÂ÷ÇVv–â×G&ç6f÷&ÒÖÖöGVÆW2Ö6öÖÖöæ§2òÒ÷ÇVv–â×G&ç6f÷&ÒÖÖöGVÆW2Ö6öÖÖöæ§2Órã#’ãrçFw¢"À¢&–çFVw&—G’#¢'6†S"Ö£d6ÆG–%3V#VGt5ô£#T·D‡§Cv‡„Ç–t¥Fs–Tc66f–´TDæg¦ã“E†õsTf’·6T%#ä7”Ã#7†$df·vEDÓ……ÓÒ"À¢&Æ–6Vç6R#¢$Ô•B"À¢&FWVæFVæ6–W2#¢°¢$&&VÂö†VÇW"ÖÖöGVÆR×G&ç6f÷&×2#¢%ãrã#’ãr"À¢$&&VÂö†VÇW"×ÇVv–â×WF–Ç2#¢%ãrã#’ãr ¢ÒÀ¢&Væv–æW2#¢°¢&æöFR#¢#ãÓbã’ã ¢ÒÀ¢'VW$FWVæFVæ6–W2#¢°¢$&&VÂö6÷&R#¢%ãrããÓ ¢Ð¢ÒÀ¢&æöFUöÖöGVÆW2ô&&VÂ÷ÇVv–â×G&ç6f÷&Ò×G—W67&—B#¢°¢'fW'6–öâ#¢#rã#’ãr"À¢'&W6öÇfVB#¢&‡GG3¢ò÷&Vv—7G'’æçÖ§2æ÷&rô&&VÂ÷ÇVv–â×G&ç6f÷&Ò×G—W67&—BòÒ÷ÇVv–â×G&ç6f÷&Ò×G—W67&—BÓrã#’ãrçFw¢"À¢&–çFVw&—G’#¢'6†S"Ö¤³S&ƒ„ÆÆ3t¦&…c&öfTd×G3Dƒwfäõ†ç¤äfe–vÄ%E¦Wu$$SSµwC4%VÇEs´¶õ5–´†ô¦U†UW£G¦ó$Ä×sÓÒ"À¢&Æ–6Vç6R#¢$Ô•B"À¢&FWVæFVæ6–W2#¢°¢$&&VÂö†VÇW"Öææ÷FFRÖ2×W&R#¢%ãrã#’ãr"À¢$&&VÂö†VÇW"Ö7&VFRÖ6Æ72ÖfVGW&W2×ÇVv–â#¢%ãrã#’ãr"À¢$&&VÂö†VÇW"×ÇVv–â×WF–Ç2#¢%ãrã#’ãr"À¢$&&VÂö†VÇW"×6¶—×G&ç7&VçBÖW‡&W76–öâ×w&W'2#¢%ãrã#’ãr"À¢$&&VÂ÷ÇVv–â×7–çF‚×G—W67&—B#¢%ãrã#’ãr ¢ÒÀ¢&Væv–æW2#¢°¢&æöFR#¢#ãÓbã’ã ¢ÒÀ¢'VW$FWVæFVæ6–W2#¢°¢$&&VÂö6÷&R#¢%ãrããÓ ¢Ð¢ÒÀ¢&æöFUöÖöGVÆW2ô&&VÂ÷&W6WB×G—W67&—B#¢°¢'fW'6–öâ#¢#rã#’ãr"À¢'&W6öÇfVB#¢&‡GG3¢ò÷&Vv—7G'’æçÖ§2æ÷&rô&&VÂ÷&W6WB×G—W67&—BòÒ÷&W6WB×G—W67&—BÓrã#’ãrçFw¢"À¢&–çFVw&—G’#¢'6†S"Òôfö“‡dµ“$Uf&VBóU§ƒt¤TWt„—†öw'•4“w%TÆ5$—f…§¦'fôRö#WsTv†3t´d´ô„•4Cƒu'4fÄõ–GWD–•ÓÒ"À¢&Æ–6Vç6R#¢$Ô•B"À¢&FWVæFVæ6–W2#¢°¢$&&VÂö†VÇW"×ÇVv–â×WF–Ç2#¢%ãrã#’ãr"À¢$&&VÂö†VÇW"×fÆ–FF÷"Ö÷F–öâ#¢%ãrã#’ãr"À¢$&&VÂ÷ÇVv–â×7–çF‚Ö§7‚#¢%ãrã#’ãr"À¢$&&VÂ÷ÇVv–â×G&ç6f÷&ÒÖÖöGVÆW2Ö6öÖÚ±î¸Â¸­yêë¢°k¢G§¦*^monjs": "^7.29.7",
        "@babel/plugin-transform-typescript": "^7.29.7"
      },
      "engines": {
        "node": ">=6.9.0"
      },
      "peerDependencies": {
        "@babel/core": "^7.0.0-0"
      }
    },
    "node_modules/@babel/runtime": {
      "version": "7.29.7",
      "resolved": "https://registry.npmjs.org/@babel/runtime/-/runtime-7.29.7.tgz",
      "integrity": "sha512-Nq8OhGWiZIZGV6hLHoyAKLLcJihP/xFeBMGJoUrxTX2psI8dCifzLhZISFb+VWS3wFMRDmCGw5R+dOySCqPLhw==",
      "license": "MIT",
      "engines": {
        "node": ">=6.9.0"
      }
    },
    "node_modules/@babel/template": {
      "version": "7.29.7",
      "resolved": "https://registry.npmjs.org/@babel/template/-/template-7.29.7.tgz",
      "integrity": "sha512-puq+Gf35oI24FeN11LkoUQFqv9uwNeWpxXZi/Ji3rRIoKAzKnxRaZ+Gkj0vKS9ZCiTESfng1N9LyOyXvo+m+Gg==",
      "license": "MIT",
      "dependencies": {
        "@babel/code-frame": "^7.29.7",
        "@babel/parser": "^7.29.7",
        "@babel/types": "^7.29.7"
      },
      "engines": {
        "node": ">=6.9.0"
      }
    },
    "node_modules/@babel/traverse": {
      "version": "7.29.7",
      "resolved": "https://registry.npmjs.org/@babel/traverse/-/traverse-7.29.7.tgz",
      "integrity": "sha512-EhlfNQtZ+NK22w5BM61ciuiq1m58ed33Wr1Xan//ZRTy6hgjnwyCffRYwzsGXdASJSUJ1guZILsErh1eQcl+zw==",
      "license": "MIT",
      "dependencies": {
        "@babel/code-frame": "^7.29.7",
        "@babel/generator": "^7.29.7",
        "@babel/helper-globals": "^7.29.7",
        "@babel/parser": "^7.29.7",
        "@babel/template": "^7.29.7",
        "@babel/types": "^7.29.7",
        "debug": "^4.3.1"
      },
      "engines": {
        "node": ">=6.9.0"
      }
    },
    "node_modules/@babel/types": {
      "version": "7.29.7",
      "resolved": "https://registry.npmjs.org/@babel/types/-/types-7.29.7.tgz",
      "integrity": "sha512-4zBIxpPzowiZpusoFkyGVwakdRJUyuH5PxQ/PrqghfdFWWasvnCdPfQXHrenDai+gyLARulZjZowCOj6fjT4pA==",
      "license": "MIT",
      "dependencies": {
        "@babel/helper-string-parser": "^7.29.7",
        "@babel/helper-validator-identifier": "^7.29.7"
      },
      "engines": {
        "node": ">=6.9.0"
      }
    },
    "node_modules/@base-ui/react": {
      "version": "1.5.0",
      "resolved": "https://registry.npmjs.org/@base-ui/react/-/react-1.5.0.tgz",
      "integrity": "sha512-z1gSAlced1yY+iM+mHDEtIkD8UI3Ebs52MuBPxvV6f5hRutk+xvCH/wuB7hDqDzK9JG5FoMz5nhrqtSs1wjt1A==",
      "license": "MIT",
      "dependencies": {
        "@babel/runtime": "^7.29.2",
        "@base-ui/utils": "0.2.9",
        "@floating-ui/react-dom": "^2.1.8",
        "@floating-ui/utils": "^0.2.11",
        "use-sync-external-store": "^1.6.0"
      },
      "engines": {
        "node": ">=14.0.0"
      },
      "funding": {
        "type": "opencollective",
        "url": "https://opencollective.com/mui-org"
      },
      "peerDependencies": {
        "@date-fns/tz": "^1.2.0",
        "@types/react": "^17 || ^18 || ^19",
        "date-fns": "^4.0.0",
        "react": "^17 || ^18 || ^19",
        "react-dom": "^17 || ^18 || ^19"
      },
      "peerDependenciesMeta": {
        "@date-fns/tz": {
          "optional": true
        },
        "@types/react": {
          "optional": true
        },
        "date-fns": {
          "optional": true
        }
      }
    },
    "node_modules/@base-ui/utils": {
      "version": "0.2.9",
      "resolved": "https://registry.npmjs.org/@base-ui/utils/-/utils-0.2.9.tgz",
      "integrity": "sha512-x/PDDCYzoqPpjrdyb3VcyylTI2IjUXEtYDGi5foh7KsnmNJIIaVwA2GLgDH1dps1GgXiJbA60hM+AyuTfQzIvw==",
      "license": "MIT",
      "dependencies": {
        "@babel/runtime": "^7.29.2",
        "@floating-ui/utils": "^0.2.11",
        "reselect": "^5.1.1",
        "use-sync-external-store": "^1.6.0"
      },
      "peerDependencies": {
        "@types/react": "^17 || ^18 || ^19",
        "react": "^17 || ^18 || ^19",
        "react-dom": "^17 || ^18 || ^19"
      },
      "peerDependenciesMeta": {
        "@types/react": {
          "optional": true
        }
      }
    },
    "node_modules/@cloudflare/kv-asset-handler": {
      "version": "0.5.0",
      "resolved": "https://registry.npmjs.org/@cloudflare/kv-asset-handler/-/kv-asset-handler-0.5.0.tgz",
      "integrity": "sha512-jxQYkj8dSIzc0cD6cMMNdOc1UVjqSqu8BZdor5s8cGjW2I8BjODt/kWPVdY+u9zj3ms75Q5qaZgnxUad83+eAg==",
      "dev": true,
      "license": "MIT OR Apache-2.0",
      "engines": {
        "node": ">=22.0.0"
      }
    },
    "node_modules/@cloudflare/unenv-preset": {
      "version": "2.16.1",
      "resolved": "https://registry.npmjs.org/@cloudflare/unenv-preset/-/unenv-preset-2.16.1.tgz",
      "integrity": "sha512-ECxObrMfyTl5bhQf/lZCXwo5G6xX9IAUo+nDMKK4SZ8m4Jvvxp52vilxyySSWh2YTZz8+HQ07qGH/2rEom1vDw==",
      "dev": true,
      "license": "MIT OR Apache-2.0",
      "peerDependencies": {
        "unenv": "2.0.0-rc.24",
        "workerd": ">1.20260305.0 <2.0.0-0"
      },
      "peerDependenciesMeta": {
        "workerd": {
          "optional": true
        }
      }
    },
    "node_modules/@cloudflare/workerd-darwin-64": {
      "version": "1.20260918.1",
      "resolved": "https://registry.npmjs.org/@cloudflare/workerd-darwin-64/-/workerd-darwin-64-1.20260918.1.tgz",
      "integrity": "sha512-H5Em6Wd0jjxaloYh2rp+WLBl2eWbkk7nSP1svGt6K1RSv/rNVqmKdpjZPJTBSavOmeYGa88qvtOWwS+33OHTqQ==",
      "cpu": [
        "x64"
      ],
      "dev": true,
      "license": "Apache-2.0",
      "optional": true,
      "os": [
        "darwin"
      ],
      "engines": {
        "node": ">=16"
      }
    },
    "node_modules/@cloudflare/workerd-darwin-arm64": {
      "version": "1.20260918.1",
      "resolved": "https://registry.npmjs.org/@cloudflare/workerd-darwin-arm64/-/workerd-darwin-arm64-1.20260918.1.tgz",
      "integrity": "sha512-CR9JRZEQo93fNgBVF4Df2H2/VYO4n7rxSseSwCVv3bJQEb0huADUSCj2FK4ipxar8ToOEB4wawyw0vJo5U/rQQ==",
      "cpu": [
        "arm64"
      ],
      "dev": true,
      "license": "Apache-2.0",
      "optional": true,
      "os": [
        "darwin"
      ],
      "engines": {
        "node": ">=16"
      }
    },
    "node_modules/@cloudflare/workerd-linux-64": {
      "version": "1.20260918.1",
      "resolved": "https://registry.npmjs.org/@cloudflare/workerd-linux-64/-/workerd-linux-64-1.20260918.1.tgz",
      "integrity": "sha512-UQ2nnY3qpXLzQ80frmWO+8HvtqyWaQILe8QYZwpemdjT+sqwCz4Dz+0/WVkFco0v/04kIIqikVeLTY/7gEhmkw==",
      "cpu": [
        "x64"
      ],
      "dev": true,
      "license": "Apache-2.0",
      "optional": true,
      "os": [
        "linux"
      ],
      "engines": {
        "node": ">=16"
      }
    },
    "node_modules/@cloudflare/workerd-linux-arm64": {
      "version": "1.20260918.1",
      "resolved": "https://registry.npmjs.org/@cloudflare/workerd-linux-arm64/-/workerd-linux-arm64-1.20260918.1.tgz",
      "integrity": "sha512-4rib51MaLNWweUIUxM/Xj558M5QmyZoBSf0ffv+lYah5VTrvwnez3XGxX72pElnBKHROvAPOi5msQ5Ts8JSI0A==",
      "cpu": [
        "arm64"
      ],
      "dev": true,
      "license": "Apache-2.0",
      "optional": true,
      "os": [
        "linux"
      ],
      "engines": {
        "node": ">=16"
      }
    },
    "node_modules/@cloudflare/workerd-windows-64": {
      "version": "1.20260918.1",
      "resolved": "https://registry.npmjs.org/@cloudflare/workerd-windows-64/-/workerd-windows-64-1.20260918.1.tgz",
      "integrity": "sha512-sATrMx5ShYYgmgUGrcTmvsFSJBFuN95NEkX3xwb1qk8w1A6h5N11sea7yN2IeibwPyPmXKjWNjXOno0hZAM71Q==",
      "cpu": [
        "x64"
      ],
      "dev": true,
      "license": "Apache-2.0",
      "optional": true,
      "os": [
        "win32"
      ],
      "engines": {
        "node": ">=16"
      }
    },
    "node_modules/@cloudflare/workers-types": {
      "version": "5.20260920.1",
      "resolved": "https://registry.npmjs.org/@cloudflare/workers-types/-/workers-types-5.20260920.1.tgz",
      "integrity": "sha512-wP7wbKqfQjFRGhE/tvu7bwvmBBTqJjvrETTvNzF4u5oolVEXt0gy6JxbqcUC2Khz0Cy+M/q7rhOOODng8VpnPw==",
      "dev": true,
      "license": "MIT OR Apache-2.0"
    },
    "node_modules/@cspotcode/source-map-support": {
      "version": "0.8.1",
      "resolved": "https://registry.npmjs.org/@cspotcode/source-map-support/-/source-map-support-0.8.1.tgz",
      "integrity": "sha512-IchNf6dN4tHoMFIn/7OE8LWZ19Y6q/67Bmf6vnGREv8RSbBVb9LPJxEcnwrcwX6ixSvaiGoomAUvu4YSxXrVgw==",
      "dev": true,
      "license": "MIT",
      "dependencies": {
        "@jridgewell/trace-mapping": "0.3.9"
      },
      "engines": {
        "node": ">=12"
      }
    },
    "node_modules/@cspotcode/source-map-support/node_modules/@jridgewell/trace-mapping": {
      "version": "0.3.9",
      "resolved": "https://registry.npmjs.org/@jridgewell/trace-mapping/-/trace-mapping-0.3.9.tgz",
      "integrity": "sha512-3Belt6tdc8bPgAtbcmdtNJlirVoTmEb5e2gC94PnkwEW9jI6CAHUeoG85tjWP5WquqfavoMtMwiG4P926ZKKuQ==",
      "dev": true,
      "license": "MIT",
      "dependencies": {
        "@jridgewell/resolve-urim«ëŒ+Š×ž®º+º$zzb¥â#¢%ã2ãã2"À¢$§&–FvWvVÆÂ÷6÷W&6VÖÖ6öFV2#¢%ããBã ¢Ð¢ÒÀ¢&æöFUöÖöGVÆW2ôF÷FVçg‚öF÷FVçg‚#¢°¢'fW'6–öâ#¢#ãsã"À¢'&W6öÇfVB#¢&‡GG3¢ò÷&Vv—7G'’æçÖ§2æ÷&rôF÷FVçg‚öF÷FVçg‚òÒöF÷FVçg‚ÓãsãçFw¢"À¢&–çFVw&—G’#¢'6†S"Ô´UWröÔwR´TE&…•u%Dät„––Õd73”çdÔf•„ôw$…5†ô7FT´ÄSTW4¦æÕ¤õ–÷&¥…fró„sf&Egss#§s£FsÓÒ"À¢&Æ–6Vç6R#¢$%4BÓ2Ô6ÆW6R"À¢&FWVæFVæ6–W2#¢°¢&6öÖÖæFW"#¢%ããã"À¢&F÷FVçb#¢%ãrã"ã"À¢&V6–W6§2#¢%ããBã"À¢&VçV—&W"#¢%ã"ãBã"À¢&W†V6#¢%ãRãã"À¢&fF—"#¢%ãbã"ã"À¢&–væ÷&R#¢%ãRã2ã"À¢&ö&¦V7B×G&VV–g’#¢#ãã32"À¢'–6öÖF6‚#¢%ãBããB"À¢'v†–6‚#¢%ãBãã"À¢'–ö7Fò×7–ææW"#¢%ããã ¢ÒÀ¢&&–â#¢°¢&F÷FVçg‚#¢'7&2ö6Æ’öF÷FVçg‚æ§2 ¢ÒÀ¢&gVæF–ær#¢°¢'W&Â#¢&‡GG3¢òöF÷FVçg‚æ6öÒ ¢Ð¢ÒÀ¢&æöFUöÖöGVÆW2ôF÷FVçg‚öF÷FVçg‚öæöFUöÖöGVÆW2ö6öÖÖæFW"#¢°¢'fW'6–öâ#¢#ãã"À¢'&W6öÇfVB#¢&‡GG3¢ò÷&Vv—7G'’æçÖ§2æ÷&rö6öÖÖæFW"òÒö6öÖÖæFW"ÓããçFw¢"À¢&–çFVw&—G’#¢'6†S"×•ffg”65&†Ö÷$3w%vÆ´†ãV#GtEfufÔ$vµcEd'4cv·bó•D´¤$…eG‡eFçu„„„¶¥$4¤D6Ä¶&6–••3wEÓÒ"À¢&Æ–6Vç6R#¢$Ô•B"À¢&Væv–æW2#¢°¢&æöFR#¢#ãÓb ¢Ð¢ÒÀ¢&æöFUöÖöGVÆW2ôF÷FVçg‚öF÷FVçg‚öæöFUöÖöGVÆW2öW†V6#¢°¢'fW'6–öâ#¢#Rãã"À¢'&W6öÇfVB#¢&‡GG3¢ò÷&Vv—7G'’æçÖ§2æ÷&röW†V6òÒöW†V6ÓRããçFw¢"À¢&–çFVw&—G’#¢'6†S"Ó‡U7¥¦ö4¥$$”T”ä¦£4Æó”‡”v—FÆÆ7¦3#tVƒU•–ö¦¤ÔdÖã‡”„ÔDÖT„S$§gTB÷wV7t“D¤uU'•‡Cf6‡–sÓÒ"À¢&Æ–6Vç6R#¢$Ô•B"À¢&FWVæFVæ6–W2#¢°¢&7&÷72×7vâ#¢%ãrãã2"À¢&vWB×7G&VÒ#¢%ãbãã"À¢&‡VÖâ×6–væÇ2#¢%ã"ãã"À¢&—2×7G&VÒ#¢%ã"ãã"À¢&ÖW&vR×7G&VÒ#¢%ã"ãã"À¢&çÒ×'Vâ×F‚#¢%ãBãã"À¢&öæWF–ÖR#¢%ãRãã""À¢'6–væÂÖW†—B#¢%ã2ãã2"À¢'7G&—Öf–æÂÖæWvÆ–æR#¢%ã"ãã ¢ÒÀ¢&Væv–æW2#¢°¢&æöFR#¢#ãÓ ¢ÒÀ¢&gVæF–ær#¢°¢'W&Â#¢&‡GG3¢òöv—F‡V"æ6öÒ÷6–æG&W6÷&‡W2öW†V6÷7öç6÷#Ó ¢Ð¢ÒÀ¢&æöFUöÖöGVÆW2ôF÷FVçg‚öF÷FVçg‚öæöFUöÖöGVÆW2övWB×7G&VÒ#¢°¢'fW'6–öâ#¢#bãã"À¢'&W6öÇfVB#¢&‡GG3¢ò÷&Vv—7G'’æçÖ§2æ÷&rövWB×7G&VÒòÒövWB×7G&VÒÓbããçFw¢"À¢&–çFVw&—G’#¢'6†S"×G3ev’³&£6¥§“ssTÄã„Dfæµ7t2´××„W¦DTÄ#'…¥•c5‚ö#5FfuÄt¤äÖTw†EeS„dó×34åVf„5–sÓÒ"À¢&Æ–6Vç6R#¢$Ô•B"À¢&Væv–æW2#¢°¢&æöFR#¢#ãÓ ¢ÒÀ¢&gVæF–ær#¢°¢'W&Â#¢&‡GG3¢òöv—F‡V"æ6öÒ÷7öç6÷'2÷6–æG&W6÷&‡W2 ¢Ð¢ÒÀ¢&æöFUöÖöGVÆW2ôF÷FVçg‚öF÷FVçg‚öæöFUöÖöGVÆW2ö‡VÖâ×6–væÇ2#¢°¢'fW'6–öâ#¢#"ãã"À¢'&W6öÇfVB#¢&‡GG3¢ò÷&Vv—7G'’æçÖ§2æ÷&rö‡VÖâ×6–væÇ2òÒö‡VÖâ×6–væÇ2Ó"ããçFw¢"À¢&–çFVw&—G’#¢'6†S"Ô#Dde£gõC&¦††·6v¶$Us4„'et–dEsƒW6æµvwCu3t£U…F³d&´åb³”U§$ÓUÔE–Æö4vöÆ¦ã4¢õu´gsÓÒ"À¢&Æ–6Vç6R#¢$6†RÓ"ã"À¢&Væv–æW2#¢°¢&æöFR#¢#ãÓãrã ¢Ð¢ÒÀ¢&æöFUöÖöGVÆW2ôF÷FVçg‚öF÷FVçg‚öæöFUöÖöGVÆW2ö—2×7G&VÒ#¢°¢'fW'6–öâ#¢#"ãã"À¢'&W6öÇfVB#¢&‡GG3¢ò÷&Vv—7G'’æçÖ§2æ÷&rö—2×7G&VÒòÒö—2×7G&VÒÓ"ããçFw¢"À¢&–çFVw&—G’#¢'6†S"Ö„fö”¦•FÃc6æâ¶·7D„t'FWuu4¶åÇ–#ST´††TÃ3—WgDó–åt–÷7VG5VB÷†$cdÄÔóFãtô“gu&&ætFsÓÒ"À¢&Æ–6Vç6R#¢$Ô•B"À¢&Væv–æW2#¢°¢&æöFR#¢#ãÓ‚ ¢ÒÀ¢&gVæF–ær#¢°¢'W&Â#¢&‡GG3¢òöv—F‡V"æ6öÒ÷7öç6÷'2÷6–æG&W6÷&‡W2 ¢Ð¢ÒÀ¢&æöFUöÖöGVÆW2ôF÷FVçg‚öF÷FVçg‚öæöFUöÖöGVÆW2öçÒ×'Vâ×F‚#¢°¢'fW'6–öâ#¢#Bãã"À¢'&W6öÇfVB#¢&‡GG3¢ò÷&Vv—7G'’æçÖ§2æ÷&röçÒ×'Vâ×F‚òÒöçÒ×'Vâ×F‚ÓBããçFw¢"À¢&–çFVw&—G’#¢'6†S"Õ3C…w¥¥sssw¦„ä—&ãvw„öÄ•4ä“•¤2÷Ufå&F&T”†…¦„4eW´õC…Cst'ffFuDW#†tcG5V&3“ud–d5wsÓÒ"À¢&Æ–6Vç6R#¢$Ô•B"À¢&FWVæFVæ6–W2#¢°¢'F‚Ö¶W’#¢%ã2ãã ¢ÒÀ¢&Væv–Ú±î¸Â¸­yêë¢°k¢G§¦*^